
Microsoft Visual Studio Solution File, Format Version 12.00
# Visual Studio Version 16
VisualStudioVersion = 16.0.31624.102
MinimumVisualStudioVersion = 10.0.40219.1
Project("{9A19103F-16F7-4668-BE54-9A1E7A4F7556}") = "KeyboardKing", "KeyboardKing\KeyboardKing.csproj", "{1616F9BF-38CD-42B7-A463-5A4D836A7360}"
EndProject
Project("{9A19103F-16F7-4668-BE54-9A1E7A4F7556}") = "Controller", "Controller\Controller.csproj", "{38982C77-595B-4BD2-A734-9CB2A546A5C7}"
EndProject
Project("{9A19103F-16F7-4668-BE54-9A1E7A4F7556}") = "Model", "Model\Model.csproj", "{F9B9C0FD-672A-465A-88ED-DCD7B336495D}"
EndProject
Global
	GlobalSection(SolutionConfigurationPlatforms) = preSolution
		Debug|Any CPU = Debug|Any CPU
		Release|Any CPU = Release|Any CPU
	EndGlobalSection
	GlobalSection(ProjectConfigurationPlatforms) = postSolution
		{1616F9BF-38CD-42B7-A463-5A4D836A7360}.Debug|Any CPU.ActiveCfg = Debug|Any CPU
		{1616F9BF-38CD-42B7-A463-5A4D836A7360}.Debug|Any CPU.Build.0 = Debug|Any CPU
		{1616F9BF-38CD-42B7-A463-5A4D836A7360}.Release|Any CPU.ActiveCfg = Release|Any CPU
		{1616F9BF-38CD-42B7-A463-5A4D836A7360}.Release|Any CPU.Build.0 = Release|Any CPU
		{38982C77-595B-4BD2-A734-9CB2A546A5C7}.Debug|Any CPU.ActiveCfg = Debug|Any CPU
		{38982C77-595B-4BD2-A734-9CB2A546A5C7}.Debug|Any CPU.Build.0 = Debug|Any CPU
		{38982C77-595B-4BD2-A734-9CB2A546A5C7}.Release|Any CPU.ActiveCfg = Release|Any CPU
		{38982C77-595B-4BD2-A734-9CB2A546A5C7}.Release|Any CPU.Build.0 = Release|Any CPU
		{F9B9C0FD-672A-465A-88ED-DCD7B336495D}.Debug|Any CPU.ActiveCfg = Debug|Any CPU
		{F9B9C0FD-672A-465A-88ED-DCD7B336495D}.Debug|Any CPU.Build.0 = Debug|Any CPU
		{F9B9C0FD-672A-465A-88ED-DCD7B336495D}.Release|Any CPU.ActiveCfg = Release|Any CPU
		{F9B9C0FD-672A-465A-88ED-DCD7B336495D}.Release|Any CPU.Build.0 = Release|Any CPU
	EndGlobalSection
	GlobalSection(SolutionProperties) = preSolution
		HideSolutionNode = FALSE
	EndGlobalSection
	GlobalSection(ExtensibilityGlobals) = postSolution
		SolutionGuid = {0D6A3387-1437-4A67-AD75-730F3D0F15C0}
	EndGlobalSection
EndGlobal
